
Microsoft Visual Studio Solution File, Format Version 12.00
# Visual Studio Version 16
VisualStudioVersion = 16.0.29123.88
MinimumVisualStudioVersion = 10.0.40219.1
Project("{FAE04EC0-301F-11D3-BF4B-00C04F79EFBC}") = "latihan_kereta", "latihan_kereta\latihan_kereta.csproj", "{C1A2815A-26DA-4E15-A485-A13E5493351D}"
EndProject
Global
	GlobalSection(SolutionConfigurationPlatforms) = preSolution
		Debug|Any CPU = Debug|Any CPU
		Release|Any CPU = Release|Any CPU
	EndGlobalSection
	GlobalSection(ProjectConfigurationPlatforms) = postSolution
		{C1A2815A-26DA-4E15-A485-A13E5493351D}.Debug|Any CPU.ActiveCfg = Debug|Any CPU
		{C1A2815A-26DA-4E15-A485-A13E5493351D}.Debug|Any CPU.Build.0 = Debug|Any CPU
		{C1A2815A-26DA-4E15-A485-A13E5493351D}.Release|Any CPU.ActiveCfg = Release|Any CPU
		{C1A2815A-26DA-4E15-A485-A13E5493351D}.Release|Any CPU.Build.0 = Release|Any CPU
	EndGlobalSection
	GlobalSection(SolutionProperties) = preSolution
		HideSolutionNode = FALSE
	EndGlobalSection
	GlobalSection(ExtensibilityGlobals) = postSolution
		SolutionGuid = {538A995A-01C9-42A8-B389-B1F0FA7302CC}
	EndGlobalSection
EndGlobal
